
Microsoft Visual Studio Solution File, Format Version 12.00
# Visual Studio 15
VisualStudioVersion = 15.0.26124.0
MinimumVisualStudioVersion = 15.0.26124.0
Project("{FAE04EC0-301F-11D3-BF4B-00C04F79EFBC}") = "Sample.Api", "Sample.Api\Sample.Api.csproj", "{4D207CE1-CE4E-4277-A63E-6D809667D8E9}"
EndProject
Project("{FAE04EC0-301F-11D3-BF4B-00C04F79EFBC}") = "Sample.Contracts", "Sample.Contracts\Sample.Contracts.csproj", "{1D8D0D01-B866-4AB3-9B68-09BDA32B133E}"
EndProject
Project("{FAE04EC0-301F-11D3-BF4B-00C04F79EFBC}") = "Sample.Components", "Sample.Components\Sample.Components.csproj", "{7E8CCAF7-983C-4525-BEBE-C36293B96926}"
EndProject
Project("{FAE04EC0-301F-11D3-BF4B-00C04F79EFBC}") = "Sample.Service", "Sample.Service\Sample.Service.csproj", "{6895431D-7F2F-4716-96E1-98993B65AAA0}"
EndProject
Global
	GlobalSection(SolutionConfigurationPlatforms) = preSolution
		Debug|Any CPU = Debug|Any CPU
		Debug|x64 = Debug|x64
		Debug|x86 = Debug|x86
		Release|Any CPU = Release|Any CPU
		Release|x64 = Release|x64
		Release|x86 = Release|x86
	EndGlobalSection
	GlobalSection(SolutionProperties) = preSolution
		HideSolutionNode = FALSE
	EndGlobalSection
	GlobalSection(ProjectConfigurationPlatforms) = postSolution
		{4D207CE1-CE4E-4277-A63E-6D809667D8E9}.Debug|Any CPU.ActiveCfg = Debug|Any CPU
		{4D207CE1-CE4E-4277-A63E-6D809667D8E9}.Debug|Any CPU.Build.0 = Debug|Any CPU
		{4D207CE1-CE4E-4277-A63E-6D809667D8E9}.Debug|x64.ActiveCfg = Debug|Any CPU
		{4D207CE1-CE4E-4277-A63E-6D809667D8E9}.Debug|x64.Build.0 = Debug|Any CPU
		{4D207CE1-CE4E-4277-A63E-6D809667D8E9}.Debug|x86.ActiveCfg = Debug|Any CPU
		{4D207CE1-CE4E-4277-A63E-6D809667D8E9}.Debug|x86.Build.0 = Debug|Any CPU
		{4D207CE1-CE4E-4277-A63E-6D809667D8E9}.Release|Any CPU.ActiveCfg = Release|Any CPU
		{4D207CE1-CE4E-4277-A63E-6D809667D8E9}.Release|Any CPU.Build.0 = Release|Any CPU
		{4D207CE1-CE4E-4277-A63E-6D809667D8E9}.Release|x64.ActiveCfg = Release|Any CPU
		{4D207CE1-CE4E-4277-A63E-6D809667D8E9}.Release|x64.Build.0 = Release|Any CPU
		{4D207CE1-CE4E-4277-A63E-6D809667D8E9}.Release|x86.ActiveCfg = Release|Any CPU
		{4D207CE1-CE4E-4277-A63E-6D809667D8E9}.Release|x86.Build.0 = Release|Any CPU
		{1D8D0D01-B866-4AB3-9B68-09BDA32B133E}.Debug|Any CPU.ActiveCfg = Debug|Any CPU
		{1D8D0D01-B866-4AB3-9B68-09BDA32B133E}.Debug|Any CPU.Build.0 = Debug|Any CPU
		{1D8D0D01-B866-4AB3-9B68-09BDA32B133E}.Debug|x64.ActiveCfg = Debug|Any CPU
		{1D8D0D01-B866-4AB3-9B68-09BDA32B133E}.Debug|x64.Build.0 = Debug|Any CPU
		{1D8D0D01-B866-4AB3-9B68-09BDA32B133E}.Debug|x86.ActiveCfg = Debug|Any CPU
		{1D8D0D01-B866-4AB3-9B68-09BDA32B133E}.Debug|x86.Build.0 = Debug|Any CPU
		{1D8D0D01-B866-4AB3-9B68-09BDA32B133E}.Release|Any CPU.ActiveCfg = Release|Any CPU
		{1D8D0D01-B866-4AB3-9B68-09BDA32B133E}.Release|Any CPU.Build.0 = Release|Any CPU
		{1D8D0D01-B866-4AB3-9B68-09BDA32B133E}.Release|x64.ActiveCfg = Release|Any CPU
		{1D8D0D01-B866-4AB3-9B68-09BDA32B133E}.Release|x64.Build.0 = Release|Any CPU
		{1D8D0D01-B866-4AB3-9B68-09BDA32B133E}.Release|x86.ActiveCfg = Release|Any CPU
		{1D8D0D01-B866-4AB3-9B68-09BDA32B133E}.Release|x86.Build.0 = Release|Any CPU
		{7E8CCAF7-983C-4525-BEBE-C36293B96926}.Debug|Any CPU.ActiveCfg = Debug|Any CPU
		{7E8CCAF7-983C-4525-BEBE-C36293B96926}.Debug|Any CPU.Build.0 = Debug|Any CPU
		{7E8CCAF7-983C-4525-BEBE-C36293B96926}.Debug|x64.ActiveCfg = Debug|Any CPU
		{7E8CCAF7-983C-4525-BEBE-C36293B96926}.Debug|x64.Build.0 = Debug|Any CPU
		{7E8CCAF7-983C-4525-BEBE-C36293B96926}.Debug|x86.ActiveCfg = Debug|Any CPU
		{7E8CCAF7-983C-4525-BEBE-C36293B96926}.Debug|x86.Build.0 = Debug|Any CPU
		{7E8CCAF7-983C-4525-BEBE-C36293B96926}.Release|Any CPU.ActiveCfg = Release|Any CPU
		{7E8CCAF7-983C-4525-BEBE-C36293B96926}.Release|Any CPU.Build.0 = Release|Any CPU
		{7E8CCAF7-983C-4525-BEBE-C36293B96926}.Release|x64.ActiveCfg = Release|Any CPU
		{7E8CCAF7-983C-4525-BEBE-C36293B96926}.Release|x64.Build.0 = Release|Any CPU
		{7E8CCAF7-983C-4525-BEBE-C36293B96926}.Release|x86.ActiveCfg = Release|Any CPU
		{7E8CCAF7-983C-4525-BEBE-C36293B96926}.Release|x86.Build.0 = Release|Any CPU
		{6895431D-7F2F-4716-96E1-98993B65AAA0}.Debug|Any CPU.ActiveCfg = Debug|Any CPU
		{6895431D-7F2F-4716-96E1-98993B65AAA0}.Debug|Any CPU.Build.0 = Debug|Any CPU
		{6895431D-7F2F-4716-96E1-98993B65AAA0}.Debug|x64.ActiveCfg = Debug|Any CPU
		{6895431D-7F2F-4716-96E1-98993B65AAA0}.Debug|x64.Build.0 = Debug|Any CPU
		{6895431D-7F2F-4716-96E1-98993B65AAA0}.Debug|x86.ActiveCfg = Debug|Any CPU
		{6895431D-7F2F-4716-96E1-98993B65AAA0}.Debug|x86.Build.0 = Debug|Any CPU
		{6895431D-7F2F-4716-96E1-98993B65AAA0}.Release|Any CPU.ActiveCfg = Release|Any CPU
		{6895431D-7F2F-4716-96E1-98993B65AAA0}.Release|Any CPU.Build.0 = Release|Any CPU
		{6895431D-7F2F-4716-96E1-98993B65AAA0}.Release|x64.ActiveCfg = Release|Any CPU
		{6895431D-7F2F-4716-96E1-98993B65AAA0}.Release|x64.Build.0 = Release|Any CPU
		{6895431D-7F2F-4716-96E1-98993B65AAA0}.Release|x86.ActiveCfg = Release|Any CPU
		{6895431D-7F2F-4716-96E1-98993B65AAA0}.Release|x86.Build.0 = Release|Any CPU
	EndGlobalSection
EndGlobal
